
Microsoft Visual Studio Solution File, Format Version 12.00
# Visual Studio Version 16
VisualStudioVersion = 16.0.31105.61
MinimumVisualStudioVersion = 10.0.40219.1
Project("{FAE04EC0-301F-11D3-BF4B-00C04F79EFBC}") = "School practice", "School practice\School practice.csproj", "{B82762C4-3496-494F-9900-34C261491C7A}"
EndProject
Global
	GlobalSection(SolutionConfigurationPlatforms) = preSolution
		Debug|Any CPU = Debug|Any CPU
		Release|Any CPU = Release|Any CPU
	EndGlobalSection
	GlobalSection(ProjectConfigurationPlatforms) = postSolution
		{B82762C4-3496-494F-9900-34C261491C7A}.Debug|Any CPU.ActiveCfg = Debug|Any CPU
		{B82762C4-3496-494F-9900-34C261491C7A}.Debug|Any CPU.Build.0 = Debug|Any CPU
		{B82762C4-3496-494F-9900-34C261491C7A}.Release|Any CPU.ActiveCfg = Release|Any CPU
		{B82762C4-3496-494F-9900-34C261491C7A}.Release|Any CPU.Build.0 = Release|Any CPU
	EndGlobalSection
	GlobalSection(SolutionProperties) = preSolution
		HideSolutionNode = FALSE
	EndGlobalSection
	GlobalSection(ExtensibilityGlobals) = postSolution
		SolutionGuid = {C05C65E3-7712-4284-B217-B3B7283B5634}
	EndGlobalSection
EndGlobal
